
Microsoft Visual Studio Solution File, Format Version 12.00
# Visual Studio Version 16
VisualStudioVersion = 16.0.31410.357
MinimumVisualStudioVersion = 10.0.40219.1
Project("{FAE04EC0-301F-11D3-BF4B-00C04F79EFBC}") = "Tarea04_14", "Tarea04_14\Tarea04_14.csproj", "{1BB82088-B98C-450D-BEA3-548199A75D30}"
EndProject
Global
	GlobalSection(SolutionConfigurationPlatforms) = preSolution
		Debug|Any CPU = Debug|Any CPU
		Release|Any CPU = Release|Any CPU
	EndGlobalSection
	GlobalSection(ProjectConfigurationPlatforms) = postSolution
		{1BB82088-B98C-450D-BEA3-548199A75D30}.Debug|Any CPU.ActiveCfg = Debug|Any CPU
		{1BB82088-B98C-450D-BEA3-548199A75D30}.Debug|Any CPU.Build.0 = Debug|Any CPU
		{1BB82088-B98C-450D-BEA3-548199A75D30}.Release|Any CPU.ActiveCfg = Release|Any CPU
		{1BB82088-B98C-450D-BEA3-548199A75D30}.Release|Any CPU.Build.0 = Release|Any CPU
	EndGlobalSection
	GlobalSection(SolutionProperties) = preSolution
		HideSolutionNode = FALSE
	EndGlobalSection
	GlobalSection(ExtensibilityGlobals) = postSolution
		SolutionGuid = {36D4A041-48C8-42A3-A57C-C8E11D6B4BCE}
	EndGlobalSection
EndGlobal
